PODS:
  - Capacitor (8.4.1):
    - CapacitorCordova
  - CapacitorCordova (8.4.1)

DEPENDENCIES:
  - "Capacitor (from `../../node_modules/.pnpm/@capacitor+ios@8.4.1_@capacitor+core@8.4.1/node_modules/@capacitor/ios`)"
  - "CapacitorCordova (from `../../node_modules/.pnpm/@capacitor+ios@8.4.1_@capacitor+core@8.4.1/node_modules/@capacitor/ios`)"

EXTERNAL SOURCES:
  Capacitor:
    :path: "../../node_modules/.pnpm/@capacitor+ios@8.4.1_@capacitor+core@8.4.1/node_modules/@capacitor/ios"
  CapacitorCordova:
    :path: "../../node_modules/.pnpm/@capacitor+ios@8.4.1_@capacitor+core@8.4.1/node_modules/@capacitor/ios"

SPEC CHECKSUMS:
  Capacitor: 35242afe195b1e53c58ca1b827d1b444c5e6602b
  CapacitorCordova: eebe6bcf807b1b06f3f48237650f96bbcd0eef09

PODFILE CHECKSUM: c53185904a5c788508f7a20d3ba80d076cc5aafc

COCOAPODS: 1.17.0
